
Microsoft Visual Studio Solution File, Format Version 12.00
# Visual Studio Version 17
VisualStudioVersion = 17.1.32319.34
MinimumVisualStudioVersion = 10.0.40219.1
Project("{FAE04EC0-301F-11D3-BF4B-00C04F79EFBC}") = "TicTacToe", "TicTacToe\TicTacToe.csproj", "{2262B2FA-F312-417E-9F91-59D3B5672473}"
EndProject
Global
	GlobalSection(SolutionConfigurationPlatforms) = preSolution
		Debug|Any CPU = Debug|Any CPU
		Release|Any CPU = Release|Any CPU
	EndGlobalSection
	GlobalSection(ProjectConfigurationPlatforms) = postSolution
		{2262B2FA-F312-417E-9F91-59D3B5672473}.Debug|Any CPU.ActiveCfg = Debug|Any CPU
		{2262B2FA-F312-417E-9F91-59D3B5672473}.Debug|Any CPU.Build.0 = Debug|Any CPU
		{2262B2FA-F312-417E-9F91-59D3B5672473}.Release|Any CPU.ActiveCfg = Release|Any CPU
		{2262B2FA-F312-417E-9F91-59D3B5672473}.Release|Any CPU.Build.0 = Release|Any CPU
	EndGlobalSection
	GlobalSection(SolutionProperties) = preSolution
		HideSolutionNode = FALSE
	EndGlobalSection
	GlobalSection(ExtensibilityGlobals) = postSolution
		SolutionGuid = {80AA7D62-DCA3-465C-8933-4F155DD170E8}
	EndGlobalSection
EndGlobal
